{
  "nodes": {
    "fenix-flake": {
      "inputs": {
        "nixpkgs": [
          "nixpkgs"
        ],
        "rust-analyzer-src": "rust-analyzer-src"
      },
      "locked": {
        "lastModified": 1671603776,
        "narHash": "sha256-4OcAK1IUqvjf7cS175YRI3GOVNE5t5iSCqN30lfDGFk=",
        "owner": "nix-community",
        "repo": "fenix",
        "rev": "e419ca16500d124af816dbed1fbab6910327b8b3",
        "type": "github"
      },
      "original": {
        "owner": "nix-community",
        "repo": "fenix",
        "type": "github"
      }
    },
    "flake-utils": {
      "locked": {
        "lastModified": 1667395993,
        "narHash": "sha256-nuEHfE/LcWyuSWnS8t12N1wc105Qtau+/OdUAjtQ0rA=",
        "owner": "numtide",
        "repo": "flake-utils",
        "rev": "5aed5285a952e0b949eb3ba02c12fa4fcfef535f",
        "type": "github"
      },
      "original": {
        "owner": "numtide",
        "repo": "flake-utils",
        "type": "github"
      }
    },
    "nixpkgs": {
      "locked": {
        "lastModified": 1671458120,
        "narHash": "sha256-2+k/OONN4OF21TeoNjKB5sXVZv6Zvm/uEyQIW9OYCg8=",
        "owner": "nixos",
        "repo": "nixpkgs",
        "rev": "e37ef84b478fa8da0ced96522adfd956fde9047a",
        "type": "github"
      },
      "original": {
        "owner": "nixos",
        "ref": "nixpkgs-unstable",
        "repo": "nixpkgs",
        "type": "github"
      }
    },
    "root": {
      "inputs": {
        "fenix-flake": "fenix-flake",
        "flake-utils": "flake-utils",
        "nixpkgs": "nixpkgs"
      }
    },
    "rust-analyzer-src": {
      "flake": false,
      "locked": {
        "lastModified": 1671570698,
        "narHash": "sha256-RMNCapv21wVNx9dRNbStiP/aTrWTl9QbJjXlKcuxK3I=",
        "owner": "rust-lang",
        "repo": "rust-analyzer",
        "rev": "761b127c473f8324bc9fe46a3fb502bb0a8ba6ba",
        "type": "github"
      },
      "original": {
        "owner": "rust-lang",
        "ref": "nightly",
        "repo": "rust-analyzer",
        "type": "github"
      }
    }
  },
  "root": "root",
  "version": 7
}
